// !$*UTF8*$!
{
	archiveVersion = 1;
	classes = {
	};
	objectVersion = 50;
	objects = {

/* Begin PBXBuildFile section */
		2E111B6E23D7A24300125176 /* AppDelegate.swift in Sources */ = {isa = PBXBuildFile; fileRef = 2E111B6D23D7A24300125176 /* AppDelegate.swift */; };
		2E111B7023D7A24300125176 /* SceneDelegate.swift in Sources */ = {isa = PBXBuildFile; fileRef = 2E111B6F23D7A24300125176 /* SceneDelegate.swift */; };
		2E111B7223D7A24300125176 /* ViewController.swift in Sources */ = {isa = PBXBuildFile; fileRef = 2E111B7123D7A24300125176 /* ViewController.swift */; };
		2E111B7523D7A24300125176 /* Main.storyboard in Resources */ = {isa = PBXBuildFile; fileRef = 2E111B7323D7A24300125176 /* Main.storyboard */; };
		2E111B7723D7A24600125176 /* Assets.xcassets in Resources */ = {isa = PBXBuildFile; fileRef = 2E111B7623D7A24600125176 /* Assets.xcassets */; };
		2E111B7A23D7A24600125176 /* LaunchScreen.storyboard in Resources */ = {isa = PBXBuildFile; fileRef = 2E111B7823D7A24600125176 /* LaunchScreen.storyboard */; };
		2E111B8523D7A24700125176 /* PersistenceLabTests.swift in Sources */ = {isa = PBXBuildFile; fileRef = 2E111B8423D7A24700125176 /* PersistenceLabTests.swift */; };
/* End PBXBuildFile section */

/* Begin PBXContainerItemProxy section */
		2E111B8123D7A24700125176 /* PBXContainerItemProxy */ = {
			isa = PBXContainerItemProxy;
			containerPortal = 2E111B6223D7A24200125176 /* Project object */;
			proxyType = 1;
			remoteGlobalIDString = 2E111B6923D7A24300125176;
			remoteInfo = PersistenceLab;
		};
/* End PBXContainerItemProxy section */

/* Begin PBXFileReference section */
		2E111B6A23D7A24300125176 /* PersistenceLab.app */ = {isa = PBXFileReference; explicitFileType = wrapper.application; includeInIndex = 0; path = PersistenceLab.app; sourceTree = BUILT_PRODUCTS_DIR; };
		2E111B6D23D7A24300125176 /* AppDelegate.swift */ = {isa = PBXFileReference; lastKnownFileType = sourcecode.swift; path = AppDelegate.swift; sourceTree = "<group>"; };
		2E111B6F23D7A24300125176 /* SceneDelegate.swift */ = {isa = PBXFileReference; lastKnownFileType = sourcecode.swift; path = SceneDelegate.swift; sourceTree = "<group>"; };
		2E111B7123D7A24300125176 /* ViewController.swift */ = {isa = PBXFileReference; lastKnownFileType = sourcecode.swift; path = ViewController.swift; sourceTree = "<group>"; };
		2E111B7423D7A24300125176 /* Base */ = {isa = PBXFileReference; lastKnownFileType = file.storyboard; name = Base; path = Base.lproj/Main.storyboard; sourceTree = "<group>"; };
		2E111B7623D7A24600125176 /* Assets.xcassets */ = {isa = PBXFileReference; lastKnownFileType = folder.assetcatalog; path = Assets.xcassets; sourceTree = "<group>"; };
		2E111B7923D7A24600125176 /* Base */ = {isa = PBXFileReference; lastKnownFileType = file.storyboard; name = Base; path = Base.lproj/LaunchScreen.storyboard; sourceTree = "<group>"; };
		2E111B7B23D7A24600125176 /* Info.plist */ = {isa = PBXFileReference; lastKnownFileType = text.plist.xml; path = Info.plist; sourceTree = "<group>"; };
		2E111B8023D7A24700125176 /* PersistenceLabTests.xctest */ = {isa = PBXFileReference; explicitFileType = wrapper.cfbundle; includeInIndex = 0; path = PersistenceLabTests.xctest; sourceTree = BUILT_PRODUCTS_DIR; };
		2E111B8423D7A24700125176 /* PersistenceLabTests.swift */ = {isa = PBXFileReference; lastKnownFileType = sourcecode.swift; path = PersistenceLabTests.swift; sourceTree = "<group>"; };
		2E111B8623D7A24700125176 /* Info.plist */ = {isa = PBXFileReference; lastKnownFileType = text.plist.xml; path = Info.plist; sourceTree = "<group>"; };
/* End PBXFileReference section */

/* Begin PBXFrameworksBuildPhase section */
		2E111B6723D7A24300125176 /* Frameworks */ = {
			isa = PBXFrameworksBuildPhase;
			buildActionMask = 2147483647;
			files = (
			);
			runOnlyForDeploymentPostprocessing = 0;
		};
		2E111B7D23D7A24700125176 /* Frameworks */ = {
			isa = PBXFrameworksBuildPhase;
			buildActionMask = 2147483647;
			files = (
			);
			runOnlyForDeploymentPostprocessing = 0;
		};
/* End PBXFrameworksBuildPhase section */

/* Begin PBXGroup section */
		2E111B6123D7A24200125176 = {
			isa = PBXGroup;
			children = (
				2E111B6C23D7A24300125176 /* PersistenceLab */,
				2E111B8323D7A24700125176 /* PersistenceLabTests */,
				2E111B6B23D7A24300125176 /* Products */,
			);
			sourceTree = "<group>";
		};
		2E111B6B23D7A24300125176 /* Products */ = {
			isa = PBXGroup;
			children = (
				2E111B6A23D7A24300125176 /* PersistenceLab.app */,
				2E111B8023D7A24700125176 /* PersistenceLabTests.xctest */,
			);
			name = Products;
			sourceTree = "<group>";
		};
		2E111B6C23D7A24300125176 /* PersistenceLab */ = {
			isa = PBXGroup;
			children = (
				2E111B6D23D7A24300125176 /* AppDelegate.swift */,
				2E111B6F23D7A24300125176 /* SceneDelegate.swift */,
				2E111B7123D7A24300125176 /* ViewController.swift */,
				2E111B7323D7A24300125176 /* Main.storyboard */,
				2E111B7623D7A24600125176 /* Assets.xcassets */,
				2E111B7823D7A24600125176 /* LaunchScreen.storyboard */,
				2E111B7B23D7A24600125176 /* Info.plist */,
			);
			path = PersistenceLab;
			sourceTree = "<group>";
		};
		2E111B8323D7A24700125176 /* PersistenceLabTests */ = {
			isa = PBXGroup;
			children = (
				2E111B8423D7A24700125176 /* PersistenceLabTests.swift */,
				2E111B8623D7A24700125176 /* Info.plist */,
			);
			path = PersistenceLabTests;
			sourceTree = "<group>";
		};
/* End PBXGroup section */

/* Begin PBXNativeTarget section */
		2E111B6923D7A24300125176 /* PersistenceLab */ = {
			isa = PBXNativeTarget;
			buildConfigurationList = 2E111B8923D7A24700125176 /* Build configuration list for PBXNativeTarget "PersistenceLab" */;
			buildPhases = (
				2E111B6623D7A24300125176 /* Sources */,
				2E111B6723D7A24300125176 /* Frameworks */,
				2E111B6823D7A24300125176 /* Resources */,
			);
			buildRules = (
			);
			dependencies = (
			);
			name = PersistenceLab;
			productName = PersistenceLab;
			productReference = 2E111B6A23D7A24300125176 /* PersistenceLab.app */;
			productType = "com.apple.product-type.application";
		};
		2E111B7F23D7A24700125176 /* PersistenceLabTests */ = {
			isa = PBXNativeTarget;
			buildConfigurationList = 2E111B8C23D7A24700125176 /* Build configuration list for PBXNativeTarget "PersistenceLabTests" */;
			buildPhases = (
				2E111B7C23D7A24700125176 /* Sources */,
				2E111B7D23D7A24700125176 /* Frameworks */,
				2E111B7E23D7A24700125176 /* Resources */,
			);
			buildRules = (
			);
			dependencies = (
				2E111B8223D7A24700125176 /* PBXTargetDependency */,
			);
			name = PersistenceLabTests;
			productName = PersistenceLabTests;
			productReference = 2E111B8023D7A24700125176 /* PersistenceLabTests.xctest */;
			productType = "com.apple.product-type.bundle.unit-test";
		};
/* End PBXNativeTarget section */

/* Begin PBXProject section */
		2E111B6223D7A24200125176 /* Project object */ = {
			isa = PBXProject;
			attributes = {
				LastSwiftUpdateCheck = 1130;
				LastUpgradeCheck = 1130;
				ORGANIZATIONNAME = "Tanya Burke";
				TargetAttributes = {
					2E111B6923D7A24300125176 = {
						CreatedOnToolsVersion = 11.3;
					};
					2E111B7F23D7A24700125176 = {
						CreatedOnToolsVersion = 11.3;
						TestTargetID = 2E111B6923D7A24300125176;
					};
				};
			};
			buildConfigurationList = 2E111B6523D7A24300125176 /* Build configuration list for PBXProject "PersistenceLab" */;
			compatibilityVersion = "Xcode 9.3";
			developmentRegion = en;
			hasScannedForEncodings = 0;
			knownRegions = (
				en,
				Base,
			);
			mainGroup = 2E111B6123D7A24200125176;
			productRefGroup = 2E111B6B23D7A24300125176 /* Products */;
			projectDirPath = "";
			projectRoot = "";
			targets = (
				2E111B6923D7A24300125176 /* PersistenceLab */,
				2E111B7F23D7A24700125176 /* PersistenceLabTests */,
			);
		};
/* End PBXProject section */

/* Begin PBXResourcesBuildPhase section */
		2E111B6823D7A24300125176 /* Resources */ = {
			isa = PBXResourcesBuildPhase;
			buildActionMask = 2147483647;
			files = (
				2E111B7A23D7A24600125176 /* LaunchScreen.storyboard in Resources */,
				2E111B7723D7A24600125176 /* Assets.xcassets in Resources */,
				2E111B7523D7A24300125176 /* Main.storyboard in Resources */,
			);
			runOnlyForDeploymentPostprocessing = 0;
		};
		2E111B7E23D7A24700125176 /* Resources */ = {
			isa = PBXResourcesBuildPhase;
			buildActionMask = 2147483647;
			files = (
			);
			runOnlyForDeploymentPostprocessing = 0;
		};
/* End PBXResourcesBuildPhase section */

/* Begin PBXSourcesBuildPhase section */
		2E111B6623D7A24300125176 /* Sources */ = {
			isa = PBXSourcesBuildPhase;
			buildActionMask = 2147483647;
			files = (
				2E111B7223D7A24300125176 /* ViewController.swift in Sources */,
				2E111B6E23D7A24300125176 /* AppDelegate.swift in Sources */,
				2E111B7023D7A24300125176 /* SceneDelegate.swift in Sources */,
			);
			runOnlyForDeploymentPostprocessing = 0;
		};
		2E111B7C23D7A24700125176 /* Sources */ = {
			isa = PBXSourcesBuildPhase;
			buildActionMask = 2147483647;
			files = (
				2E111B8523D7A24700125176 /* PersistenceLabTests.swift in Sources */,
			);
			runOnlyForDeploymentPostprocessing = 0;
		};
/* End PBXSourcesBuildPhase section */

/* Begin PBXTargetDependency section */
		2E111B8223D7A24700125176 /* PBXTargetDependency */ = {
			isa = PBXTargetDependency;
			target = 2E111B6923D7A24300125176 /* PersistenceLab */;
			targetProxy = 2E111B8123D7A24700125176 /* PBXContainerItemProxy */;
		};
/* End PBXTargetDependency section */

/* Begin PBXVariantGroup section */
		2E111B7323D7A24300125176 /* Main.storyboard */ = {
			isa = PBXVariantGroup;
			children = (
				2E111B7423D7A24300125176 /* Base */,
			);
			name = Main.storyboard;
			sourceTree = "<group>";
		};
		2E111B7823D7A24600125176 /* LaunchScreen.storyboard */ = {
			isa = PBXVariantGroup;
			children = (
				2E111B7923D7A24600125176 /* Base */,
			);
			name = LaunchScreen.storyboard;
			sourceTree = "<group>";
		};
/* End PBXVariantGroup section */

/* Begin XCBuildConfiguration section */
		2E111B8723D7A24700125176 /* Debug */ = {
			isa = XCBuildConfiguration;
			buildSettings = {
				ALWAYS_SEARCH_USER_PATHS = NO;
				CLANG_ANALYZER_NONNULL = YES;
				CLANG_ANALYZER_NUMBER_OBJECT_CONVERSION = YES_AGGRESSIVE;
				CLANG_CXX_LANGUAGE_STANDARD = "gnu++14";
				CLANG_CXX_LIBRARY = "libc++";
				CLANG_ENABLE_MODULES = YES;
				CLANG_ENABLE_OBJC_ARC = YES;
				CLANG_ENABLE_OBJC_WEAK = YES;
				CLANG_WARN_BLOCK_CAPTURE_AUTORELEASING = YES;
				CLANG_WARN_BOOL_CONVERSION = YES;
				CLANG_WARN_COMMA = YES;
				CLANG_WARN_CONSTANT_CONVERSION = YES;
				CLANG_WARN_DEPRECATED_OBJC_IMPLEMENTATIONS = YES;
				CLANG_WARN_DIRECT_OBJC_ISA_USAGE = YES_ERROR;
				CLANG_WARN_DOCUMENTATION_COMMENTS = YES;
				CLANG_WARN_EMPTY_BODY = YES;
				CLANG_WARN_ENUM_CONVERSION = YES;
				CLANG_WARN_INFINITE_RECURSION = YES;
				CLANG_WARN_INT_CONVERSION = YES;
				CLANG_WARN_NON_LITERAL_NULL_CONVERSION = YES;
				CLANG_WARN_OBJC_IMPLICIT_RETAIN_SELF = YES;
				CLANG_WARN_OBJC_LITERAL_CONVERSION = YES;
				CLANG_WARN_OBJC_ROOT_CLASS = YES_ERROR;
				CLANG_WARN_RANGE_LOOP_ANALYSIS = YES;
				CLANG_WARN_STRICT_PROTOTYPES = YES;
				CLANG_WARN_SUSPICIOUS_MOVE = YES;
				CLANG_WARN_UNGUARDED_AVAILABILITY = YES_AGGRESSIVE;
				CLANG_WARN_UNREACHABLE_CODE = YES;
				CLANG_WARN__DUPLICATE_METHOD_MATCH = YES;
				COPY_PHASE_STRIP = NO;
				DEBUG_INFORMATION_FORMAT = dwarf;
				ENABLE_STRICT_OBJC_MSGSEND = YES;
				ENABLE_TESTABILITY = YES;
				GCC_C_LANGUAGE_STANDARD = gnu11;
				GCC_DYNAMIC_NO_PIC = NO;
				GCC_NO_COMMON_BLOCKS = YES;
				GCC_OPTIMIZATION_LEVEL = 0;
				GCC_PREPROCESSOR_DEFINITIONS = (
					"DEBUG=1",
					"$(inherited)",
				);
				GCC_WARN_64_TO_32_BIT_CONVERSION = YES;
				GCC_WARN_ABOUT_RETURN_TYPE = YES_ERROR;
				GCC_WARN_UNDECLARED_SELECTOR = YES;
				GCC_WARN_UNINITIALIZED_AUTOS = YES_AGGRESSIVE;
				GCC_WARN_UNUSED_FUNCTION = YES;
				GCC_WARN_UNUSED_VARIABLE = YES;
				IPHONEOS_DEPLOYMENT_TARGET = 13.2;
				MTL_ENABLE_DEBUG_INFO = INCLUDE_SOURCE;
				MTL_FAST_MATH = YES;
				ONLY_ACTIVE_ARCH = YES;
				SDKROOT = iphoneos;
				SWIFT_ACTIVE_COMPILATION_CONDITIONS = DEBUG;
				SWIFT_OPTIMIZATION_LEVEL = "-Onone";
			};
			name = Debug;
		};
		2E111B8823D7A24700125176 /* Release */ = {
			isa = XCBuildConfiguration;
			buildSettings = {
				ALWAYS_SEARCH_USER_PATHS = NO;
				CLANG_ANALYZER_NONNULL = YES;
				CLANG_ANALYZER_NUMBER_OBJECT_CONVERSION = YES_AGGRESSIVE;
				CLANG_CXX_LANGUAGE_STANDARD = "gnu++14";
				CLANG_CXX_LIBRARY = "libc++";
				CLANG_ENABLE_MODULES = YES;
				CLANG_ENABLE_OBJC_ARC = YES;
				CLANG_ENABLE_OBJC_WEAK = YES;
				CLANG_WARN_BLOCK_CAPTURE_AUTORELEASING = YES;
				CLANG_WARN_BOOL_CONVERSION = YES;
				CLANG_WARN_COMMA = YES;
				CLANG_WARN_CONSTANT_CONVERSION = YES;
				CLANG_WARN_DEPRECATED_OBJC_IMPLEMENTATIONS = YES;
				CLANG_WARN_DIRECT_OBJC_ISA_USAGE = YES_ERROR;
				CLANG_WARN_DOCUMENTATION_COMMENTS = YES;
				CLANG_WARN_EMPTY_BODY = YES;
				CLANG_WARN_ENUM_CONVERSION = YES;
				CLANG_WARN_INFINITE_RECURSION = YES;
				CLANG_WARN_INT_CONVERSION = YES;
				CLANG_WARN_NON_LITERAL_NULL_CONVERSION = YES;
				CLANG_WARN_OBJC_IMPLICIT_RETAIN_SELF = YES;
				CLANG_WARN_OBJC_LITERAL_CONVERSION = YES;
				CLANG_WARN_OBJC_ROOT_CLASS = YES_ERROR;
				CLANG_WARN_RANGE_LOOP_ANALYSIS = YES;
				CLANG_WARN_STRICT_PROTOTYPES = YES;
				CLANG_WARN_SUSPICIOUS_MOVE = YES;
				CLANG_WARN_UNGUARDED_AVAILABILITY = YES_AGGRESSIVE;
				CLANG_WARN_UNREACHABLE_CODE = YES;
				CLANG_WARN__DUPLICATE_METHOD_MATCH = YES;
				COPY_PHASE_STRIP = NO;
				DEBUG_INFORMATION_FORMAT = "dwarf-with-dsym";
				ENABLE_NS_ASSERTIONS = NO;
				ENABLE_STRICT_OBJC_MSGSEND = YES;
				GCC_C_LANGUAGE_STANDARD = gnu11;
				GCC_NO_COMMON_BLOCKS = YES;
				GCC_WARN_64_TO_32_BIT_CONVERSION = YES;
				GCC_WARN_ABOUT_RETURN_TYPE = YES_ERROR;
				GCC_WARN_UNDECLARED_SELECTOR = YES;
				GCC_WARN_UNINITIALIZED_AUTOS = YES_AGGRESSIVE;
				GCC_WARN_UNUSED_FUNCTION = YES;
				GCC_WARN_UNUSED_VARIABLE = YES;
				IPHONEOS_DEPLOYMENT_TARGET = 13.2;
				MTL_ENABLE_DEBUG_INFO = NO;
				MTL_FAST_MATH = YES;
				SDKROOT = iphoneos;
				SWIFT_COMPILATION_MODE = wholemodule;
				SWIFT_OPTIMIZATION_LEVEL = "-O";
				VALIDATE_PRODUCT = YES;
			};
			name = Release;
		};
		2E111B8A23D7A24700125176 /* Debug */ = {
			isa = XCBuildConfiguration;
			buildSettings = {
				ASSETCATALOG_COMPILER_APPICON_NAME = AppIcon;
				CODE_SIGN_STYLE = Automatic;
				DEVELOPMENT_TEAM = 2B2JQYS6HR;
				INFOPLIST_FILE = PersistenceLab/Info.plist;
				LD_RUNPATH_SEARCH_PATHS = (
					"$(inherited)",
					"@executable_path/Frameworks",
				);
				PRODUCT_BUNDLE_IDENTIFIER = Pursuit.PersistenceLab;
				PRODUCT_NAME = "$(TARGET_NAME)";
				SWIFT_VERSION = 5.0;
				TARGETED_DEVICE_FAMILY = "1,2";
			};
			name = Debug;
		};
		2E111B8B23D7A24700125176 /* Release */ = {
			isa = XCBuildConfiguration;
			buildSettings = {
				ASSETCATALOG_COMPILER_APPICON_NAME = AppIcon;
				CODE_SIGN_STYLE = Automatic;
				DEVELOPMENT_TEAM = 2B2JQYS6HR;
				INFOPLIST_FILE = PersistenceLab/Info.plist;
				LD_RUNPATH_SEARCH_PATHS = (
					"$(inherited)",
					"@executable_path/Frameworks",
				);
				PRODUCT_BUNDLE_IDENTIFIER = Pursuit.PersistenceLab;
				PRODUCT_NAME = "$(TARGET_NAME)";
				SWIFT_VERSION = 5.0;
				TARGETED_DEVICE_FAMILY = "1,2";
			};
			name = Release;
		};
		2E111B8D23D7A24700125176 /* Debug */ = {
			isa = XCBuildConfiguration;
			buildSettings = {
				ALWAYS_EMBED_SWIFT_STANDARD_LIBRARIES = YES;
				BUNDLE_LOADER = "$(TEST_HOST)";
				CODE_SIGN_STYLE = Automatic;
				DEVELOPMENT_TEAM = 2B2JQYS6HR;
				INFOPLIST_FILE = PersistenceLabTests/Info.plist;
				IPHONEOS_DEPLOYMENT_TARGET = 13.2;
				LD_RUNPATH_SEARCH_PATHS = (
					"$(inherited)",
					"@executable_path/Frameworks",
					"@loader_path/Frameworks",
				);
				PRODUCT_BUNDLE_IDENTIFIER = Pursuit.PersistenceLabTests;
				PRODUCT_NAME = "$(TARGET_NAME)";
				SWIFT_VERSION = 5.0;
				TARGETED_DEVICE_FAMILY = "1,2";
				TEST_HOST = "$(BUILT_PRODUCTS_DIR)/PersistenceLab.app/PersistenceLab";
			};
			name = Debug;
		};
		2E111B8E23D7A24700125176 /* Release */ = {
			isa = XCBuildConfiguration;
			buildSettings = {
				ALWAYS_EMBED_SWIFT_STANDARD_LIBRARIES = YES;
				BUNDLE_LOADER = "$(TEST_HOST)";
				CODE_SIGN_STYLE = Automatic;
				DEVELOPMENT_TEAM = 2B2JQYS6HR;
				INFOPLIST_FILE = PersistenceLabTests/Info.plist;
				IPHONEOS_DEPLOYMENT_TARGET = 13.2;
				LD_RUNPATH_SEARCH_PATHS = (
					"$(inherited)",
					"@executable_path/Frameworks",
					"@loader_path/Frameworks",
				);
				PRODUCT_BUNDLE_IDENTIFIER = Pursuit.PersistenceLabTests;
				PRODUCT_NAME = "$(TARGET_NAME)";
				SWIFT_VERSION = 5.0;
				TARGETED_DEVICE_FAMILY = "1,2";
				TEST_HOST = "$(BUILT_PRODUCTS_DIR)/PersistenceLab.app/PersistenceLab";
			};
			name = Release;
		};
/* End XCBuildConfiguration section */

/* Begin XCConfigurationList section */
		2E111B6523D7A24300125176 /* Build configuration list for PBXProject "PersistenceLab" */ = {
			isa = XCConfigurationList;
			buildConfigurations = (
				2E111B8723D7A24700125176 /* Debug */,
				2E111B8823D7A24700125176 /* Release */,
			);
			defaultConfigurationIsVisible = 0;
			defaultConfigurationName = Release;
		};
		2E111B8923D7A24700125176 /* Build configuration list for PBXNativeTarget "PersistenceLab" */ = {
			isa = XCConfigurationList;
			buildConfigurations = (
				2E111B8A23D7A24700125176 /* Debug */,
				2E111B8B23D7A24700125176 /* Release */,
			);
			defaultConfigurationIsVisible = 0;
			defaultConfigurationName = Release;
		};
		2E111B8C23D7A24700125176 /* Build configuration list for PBXNativeTarget "PersistenceLabTests" */ = {
			isa = XCConfigurationList;
			buildConfigurations = (
				2E111B8D23D7A24700125176 /* Debug */,
				2E111B8E23D7A24700125176 /* Release */,
			);
			defaultConfigurationIsVisible = 0;
			defaultConfigurationName = Release;
		};
/* End XCConfigurationList section */
	};
	rootObject = 2E111B6223D7A24200125176 /* Project object */;
}
